// !$*UTF8*$!
{
	archiveVersion = 1;
	classes = {
	};
	objectVersion = 46;
	objects = {

/* Begin PBXBuildFile section */
		04C2C4E51CB2DCA70023F1C5 /* main.m in Sources */ = {isa = PBXBuildFile; fileRef = 04C2C4E41CB2DCA70023F1C5 /* main.m */; };
		04C2C4E81CB2DCA70023F1C5 /* AppDelegate.m in Sources */ = {isa = PBXBuildFile; fileRef = 04C2C4E71CB2DCA70023F1C5 /* AppDelegate.m */; };
		04C2C4EB1CB2DCA70023F1C5 /* ViewController.m in Sources */ = {isa = PBXBuildFile; fileRef = 04C2C4EA1CB2DCA70023F1C5 /* ViewController.m */; };
		04C2C4EE1CB2DCA70023F1C5 /* Main.storyboard in Resources */ = {isa = PBXBuildFile; fileRef = 04C2C4EC1CB2DCA70023F1C5 /* Main.storyboard */; };
		04C2C4F11CB2DCA70023F1C5 /* ProjectoAppMusica.xcdatamodeld in Sources */ = {isa = PBXBuildFile; fileRef = 04C2C4EF1CB2DCA70023F1C5 /* ProjectoAppMusica.xcdatamodeld */; };
		04C2C4F31CB2DCA70023F1C5 /* Assets.xcassets in Resources */ = {isa = PBXBuildFile; fileRef = 04C2C4F21CB2DCA70023F1C5 /* Assets.xcassets */; };
		04C2C4F61CB2DCA70023F1C5 /* LaunchScreen.storyboard in Resources */ = {isa = PBXBuildFile; fileRef = 04C2C4F41CB2DCA70023F1C5 /* LaunchScreen.storyboard */; };
		04F74ECC1CB590CD003C9AC2 /* UltimasViewController.m in Sources */ = {isa = PBXBuildFile; fileRef = 04F74ECB1CB590CD003C9AC2 /* UltimasViewController.m */; };
		04F74ECF1CB590E3003C9AC2 /* UltimasDetailViewController.m in Sources */ = {isa = PBXBuildFile; fileRef = 04F74ECE1CB590E3003C9AC2 /* UltimasDetailViewController.m */; };
		04F74ED21CB59101003C9AC2 /* DestaquesViewController.m in Sources */ = {isa = PBXBuildFile; fileRef = 04F74ED11CB59101003C9AC2 /* DestaquesViewController.m */; };
		04F74ED51CB59115003C9AC2 /* DestaquesDetailViewController.m in Sources */ = {isa = PBXBuildFile; fileRef = 04F74ED41CB59115003C9AC2 /* DestaquesDetailViewController.m */; };
		04F74ED81CB5912D003C9AC2 /* FavoritosViewController.m in Sources */ = {isa = PBXBuildFile; fileRef = 04F74ED71CB5912D003C9AC2 /* FavoritosViewController.m */; };
		04F74EDB1CB59139003C9AC2 /* FavoritosDetailViewController.m in Sources */ = {isa = PBXBuildFile; fileRef = 04F74EDA1CB59139003C9AC2 /* FavoritosDetailViewController.m */; };
		04F74EDE1CB59149003C9AC2 /* ProcurarViewController.m in Sources */ = {isa = PBXBuildFile; fileRef = 04F74EDD1CB59149003C9AC2 /* ProcurarViewController.m */; };
		04F74EE11CB5915A003C9AC2 /* ProcurarResultadosViewController.m in Sources */ = {isa = PBXBuildFile; fileRef = 04F74EE01CB5915A003C9AC2 /* ProcurarResultadosViewController.m */; };
		04F74EE41CB5916B003C9AC2 /* ProcurarResultadosDetailViewController.m in Sources */ = {isa = PBXBuildFile; fileRef = 04F74EE31CB5916B003C9AC2 /* ProcurarResultadosDetailViewController.m */; };
		04F74EE81CB592DE003C9AC2 /* Songs.m in Sources */ = {isa = PBXBuildFile; fileRef = 04F74EE71CB592DE003C9AC2 /* Songs.m */; };
		B22D624192CCCBFC716E9358 /* libPods.a in Frameworks */ = {isa = PBXBuildFile; fileRef = 02830F07F983C04CA31EB76E /* libPods.a */; };
/* End PBXBuildFile section */

/* Begin PBXFileReference section */
		02830F07F983C04CA31EB76E /* libPods.a */ = {isa = PBXFileReference; explicitFileType = archive.ar; includeInIndex = 0; path = libPods.a; sourceTree = BUILT_PRODUCTS_DIR; };
		04C2C4E01CB2DCA70023F1C5 /* ProjectoAppMusica.app */ = {isa = PBXFileReference; explicitFileType = wrapper.application; includeInIndex = 0; path = ProjectoAppMusica.app; sourceTree = BUILT_PRODUCTS_DIR; };
		04C2C4E41CB2DCA70023F1C5 /* main.m */ = {isa = PBXFileReference; lastKnownFileType = sourcecode.c.objc; path = main.m; sourceTree = "<group>"; };
		04C2C4E61CB2DCA70023F1C5 /* AppDelegate.h */ = {isa = PBXFileReference; lastKnownFileType = sourcecode.c.h; path = AppDelegate.h; sourceTree = "<group>"; };
		04C2C4E71CB2DCA70023F1C5 /* AppDelegate.m */ = {isa = PBXFileReference; lastKnownFileType = sourcecode.c.objc; path = AppDelegate.m; sourceTree = "<group>"; };
		04C2C4E91CB2DCA70023F1C5 /* ViewController.h */ = {isa = PBXFileReference; lastKnownFileType = sourcecode.c.h; path = ViewController.h; sourceTree = "<group>"; };
		04C2C4EA1CB2DCA70023F1C5 /* ViewController.m */ = {isa = PBXFileReference; lastKnownFileType = sourcecode.c.objc; path = ViewController.m; sourceTree = "<group>"; };
		04C2C4ED1CB2DCA70023F1C5 /* Base */ = {isa = PBXFileReference; lastKnownFileType = file.storyboard; name = Base; path = Base.lproj/Main.storyboard; sourceTree = "<group>"; };
		04C2C4F01CB2DCA70023F1C5 /* ProjectoAppMusica.xcdatamodel */ = {isa = PBXFileReference; lastKnownFileType = wrapper.xcdatamodel; path = ProjectoAppMusica.xcdatamodel; sourceTree = "<group>"; };
		04C2C4F21CB2DCA70023F1C5 /* Assets.xcassets */ = {isa = PBXFileReference; lastKnownFileType = folder.assetcatalog; path = Assets.xcassets; sourceTree = "<group>"; };
		04C2C4F51CB2DCA70023F1C5 /* Base */ = {isa = PBXFileReference; lastKnownFileType = file.storyboard; name = Base; path = Base.lproj/LaunchScreen.storyboard; sourceTree = "<group>"; };
		04C2C4F71CB2DCA70023F1C5 /* Info.plist */ = {isa = PBXFileReference; lastKnownFileType = text.plist.xml; path = Info.plist; sourceTree = "<group>"; };
		04F74ECA1CB590CD003C9AC2 /* UltimasViewController.h */ = {isa = PBXFileReference; fileEncoding = 4; lastKnownFileType = sourcecode.c.h; path = UltimasViewController.h; sourceTree = "<group>"; };
		04F74ECB1CB590CD003C9AC2 /* UltimasViewController.m */ = {isa = PBXFileReference; fileEncoding = 4; lastKnownFileType = sourcecode.c.objc; path = UltimasViewController.m; sourceTree = "<group>"; };
		04F74ECD1CB590E3003C9AC2 /* UltimasDetailViewController.h */ = {isa = PBXFileReference; fileEncoding = 4; lastKnownFileType = sourcecode.c.h; path = UltimasDetailViewController.h; sourceTree = "<group>"; };
		04F74ECE1CB590E3003C9AC2 /* UltimasDetailViewController.m */ = {isa = PBXFileReference; fileEncoding = 4; lastKnownFileType = sourcecode.c.objc; path = UltimasDetailViewController.m; sourceTree = "<group>"; };
		04F74ED01CB59101003C9AC2 /* DestaquesViewController.h */ = {isa = PBXFileReference; fileEncoding = 4; lastKnownFileType = sourcecode.c.h; path = DestaquesViewController.h; sourceTree = "<group>"; };
		04F74ED11CB59101003C9AC2 /* DestaquesViewController.m */ = {isa = PBXFileReference; fileEncoding = 4; lastKnownFileType = sourcecode.c.objc; path = DestaquesViewController.m; sourceTree = "<group>"; };
		04F74ED31CB59115003C9AC2 /* DestaquesDetailViewController.h */ = {isa = PBXFileReference; fileEncoding = 4; lastKnownFileType = sourcecode.c.h; path = DestaquesDetailViewController.h; sourceTree = "<group>"; };
		04F74ED41CB59115003C9AC2 /* DestaquesDetailViewController.m */ = {isa = PBXFileReference; fileEncoding = 4; lastKnownFileType = sourcecode.c.objc; path = DestaquesDetailViewController.m; sourceTree = "<group>"; };
		04F74ED61CB5912D003C9AC2 /* FavoritosViewController.h */ = {isa = PBXFileReference; fileEncoding = 4; lastKnownFileType = sourcecode.c.h; path = FavoritosViewController.h; sourceTree = "<group>"; };
		04F74ED71CB5912D003C9AC2 /* FavoritosViewController.m */ = {isa = PBXFileReference; fileEncoding = 4; lastKnownFileType = sourcecode.c.objc; path = FavoritosViewController.m; sourceTree = "<group>"; };
		04F74ED91CB59139003C9AC2 /* FavoritosDetailViewController.h */ = {isa = PBXFileReference; fileEncoding = 4; lastKnownFileType = sourcecode.c.h; path = FavoritosDetailViewController.h; sourceTree = "<group>"; };
		04F74EDA1CB59139003C9AC2 /* FavoritosDetailViewController.m */ = {isa = PBXFileReference; fileEncoding = 4; lastKnownFileType = sourcecode.c.objc; path = FavoritosDetailViewController.m; sourceTree = "<group>"; };
		04F74EDC1CB59149003C9AC2 /* ProcurarViewController.h */ = {isa = PBXFileReference; fileEncoding = 4; lastKnownFileType = sourcecode.c.h; path = ProcurarViewController.h; sourceTree = "<group>"; };
		04F74EDD1CB59149003C9AC2 /* ProcurarViewController.m */ = {isa = PBXFileReference; fileEncoding = 4; lastKnownFileType = sourcecode.c.objc; path = ProcurarViewController.m; sourceTree = "<group>"; };
		04F74EDF1CB5915A003C9AC2 /* ProcurarResultadosViewController.h */ = {isa = PBXFileReference; fileEncoding = 4; lastKnownFileType = sourcecode.c.h; path = ProcurarResultadosViewController.h; sourceTree = "<group>"; };
		04F74EE01CB5915A003C9AC2 /* ProcurarResultadosViewController.m */ = {isa = PBXFileReference; fileEncoding = 4; lastKnownFileType = sourcecode.c.objc; path = ProcurarResultadosViewController.m; sourceTree = "<group>"; };
		04F74EE21CB5916B003C9AC2 /* ProcurarResultadosDetailViewController.h */ = {isa = PBXFileReference; fileEncoding = 4; lastKnownFileType = sourcecode.c.h; path = ProcurarResultadosDetailViewController.h; sourceTree = "<group>"; };
		04F74EE31CB5916B003C9AC2 /* ProcurarResultadosDetailViewController.m */ = {isa = PBXFileReference; fileEncoding = 4; lastKnownFileType = sourcecode.c.objc; path = ProcurarResultadosDetailViewController.m; sourceTree = "<group>"; };
		04F74EE61CB592DE003C9AC2 /* Songs.h */ = {isa = PBXFileReference; fileEncoding = 4; lastKnownFileType = sourcecode.c.h; path = Songs.h; sourceTree = "<group>"; };
		04F74EE71CB592DE003C9AC2 /* Songs.m */ = {isa = PBXFileReference; fileEncoding = 4; lastKnownFileType = sourcecode.c.objc; path = Songs.m; sourceTree = "<group>"; };
		B17FE753F545E09940320FB4 /* Pods.release.xcconfig */ = {isa = PBXFileReference; includeInIndex = 1; lastKnownFileType = text.xcconfig; name = Pods.release.xcconfig; path = "Pods/Target Support Files/Pods/Pods.release.xcconfig"; sourceTree = "<group>"; };
		F7FFA28ED90F8A725DCF71CD /* Pods.debug.xcconfig */ = {isa = PBXFileReference; includeInIndex = 1; lastKnownFileType = text.xcconfig; name = Pods.debug.xcconfig; path = "Pods/Target Support Files/Pods/Pods.debug.xcconfig"; sourceTree = "<group>"; };
/* End PBXFileReference section */

/* Begin PBXFrameworksBuildPhase section */
		04C2C4DD1CB2DCA70023F1C5 /* Frameworks */ = {
			isa = PBXFrameworksBuildPhase;
			buildActionMask = 2147483647;
			files = (
				B22D624192CCCBFC716E9358 /* libPods.a in Frameworks */,
			);
			runOnlyForDeploymentPostprocessing = 0;
		};
/* End PBXFrameworksBuildPhase section */

/* Begin PBXGroup section */
		04C2C4D71CB2DCA70023F1C5 = {
			isa = PBXGroup;
			children = (
				04F74EE91CB592E7003C9AC2 /* ModelClasses */,
				04C2C4E21CB2DCA70023F1C5 /* ProjectoAppMusica */,
				04C2C4E11CB2DCA70023F1C5 /* Products */,
				732E475D661555949FE7883D /* Pods */,
				CF80CD70022B452ED65D33F0 /* Frameworks */,
			);
			sourceTree = "<group>";
		};
		04C2C4E11CB2DCA70023F1C5 /* Products */ = {
			isa = PBXGroup;
			children = (
				04C2C4E01CB2DCA70023F1C5 /* ProjectoAppMusica.app */,
			);
			name = Products;
			sourceTree = "<group>";
		};
		04C2C4E21CB2DCA70023F1C5 /* ProjectoAppMusica */ = {
			isa = PBXGroup;
			children = (
				04F74EE51CB59174003C9AC2 /* ViewControllers */,
				04C2C4E61CB2DCA70023F1C5 /* AppDelegate.h */,
				04C2C4E71CB2DCA70023F1C5 /* AppDelegate.m */,
				04C2C4E91CB2DCA70023F1C5 /* ViewController.h */,
				04C2C4EA1CB2DCA70023F1C5 /* ViewController.m */,
				04C2C4EC1CB2DCA70023F1C5 /* Main.storyboard */,
				04C2C4F21CB2DCA70023F1C5 /* Assets.xcassets */,
				04C2C4F41CB2DCA70023F1C5 /* LaunchScreen.storyboard */,
				04C2C4F71CB2DCA70023F1C5 /* Info.plist */,
				04C2C4EF1CB2DCA70023F1C5 /* ProjectoAppMusica.xcdatamodeld */,
				04C2C4E31CB2DCA70023F1C5 /* Supporting Files */,
			);
			path = ProjectoAppMusica;
			sourceTree = "<group>";
		};
		04C2C4E31CB2DCA70023F1C5 /* Supporting Files */ = {
			isa = PBXGroup;
			children = (
				04C2C4E41CB2DCA70023F1C5 /* main.m */,
			);
			name = "Supporting Files";
			sourceTree = "<group>";
		};
		04F74EE51CB59174003C9AC2 /* ViewControllers */ = {
			isa = PBXGroup;
			children = (
				04F74EE21CB5916B003C9AC2 /* ProcurarResultadosDetailViewController.h */,
				04F74EE31CB5916B003C9AC2 /* ProcurarResultadosDetailViewController.m */,
				04F74EDF1CB5915A003C9AC2 /* ProcurarResultadosViewController.h */,
				04F74EE01CB5915A003C9AC2 /* ProcurarResultadosViewController.m */,
				04F74EDC1CB59149003C9AC2 /* ProcurarViewController.h */,
				04F74EDD1CB59149003C9AC2 /* ProcurarViewController.m */,
				04F74ED91CB59139003C9AC2 /* FavoritosDetailViewController.h */,
				04F74EDA1CB59139003C9AC2 /* FavoritosDetailViewController.m */,
				04F74ED61CB5912D003C9AC2 /* FavoritosViewController.h */,
				04F74ED71CB5912D003C9AC2 /* FavoritosViewController.m */,
				04F74ED31CB59115003C9AC2 /* DestaquesDetailViewController.h */,
				04F74ED41CB59115003C9AC2 /* DestaquesDetailViewController.m */,
				04F74ED01CB59101003C9AC2 /* DestaquesViewController.h */,
				04F74ED11CB59101003C9AC2 /* DestaquesViewController.m */,
				04F74ECD1CB590E3003C9AC2 /* UltimasDetailViewController.h */,
				04F74ECE1CB590E3003C9AC2 /* UltimasDetailViewController.m */,
				04F74ECA1CB590CD003C9AC2 /* UltimasViewController.h */,
				04F74ECB1CB590CD003C9AC2 /* UltimasViewController.m */,
			);
			name = ViewControllers;
			path = ..;
			sourceTree = "<group>";
		};
		04F74EE91CB592E7003C9AC2 /* ModelClasses */ = {
			isa = PBXGroup;
			children = (
				04F74EE61CB592DE003C9AC2 /* Songs.h */,
				04F74EE71CB592DE003C9AC2 /* Songs.m */,
			);
			name = ModelClasses;
			sourceTree = "<group>";
		};
		732E475D661555949FE7883D /* Pods */ = {
			isa = PBXGroup;
			children = (
				F7FFA28ED90F8A725DCF71CD /* Pods.debug.xcconfig */,
				B17FE753F545E09940320FB4 /* Pods.release.xcconfig */,
			);
			name = Pods;
			sourceTree = "<group>";
		};
		CF80CD70022B452ED65D33F0 /* Frameworks */ = {
			isa = PBXGroup;
			children = (
				02830F07F983C04CA31EB76E /* libPods.a */,
			);
			name = Frameworks;
			sourceTree = "<group>";
		};
/* End PBXGroup section */

/* Begin PBXNativeTarget section */
		04C2C4DF1CB2DCA70023F1C5 /* ProjectoAppMusica */ = {
			isa = PBXNativeTarget;
			buildConfigurationList = 04C2C4FA1CB2DCA70023F1C5 /* Build configuration list for PBXNativeTarget "ProjectoAppMusica" */;
			buildPhases = (
				A21101BE85F1E75055010E92 /* Check Pods Manifest.lock */,
				04C2C4DC1CB2DCA70023F1C5 /* Sources */,
				04C2C4DD1CB2DCA70023F1C5 /* Frameworks */,
				04C2C4DE1CB2DCA70023F1C5 /* Resources */,
				6C579CCFD862CBE821DA13B4 /* Embed Pods Frameworks */,
				2A6F3E72CF7F08EF637F5DAA /* Copy Pods Resources */,
			);
			buildRules = (
			);
			dependencies = (
			);
			name = ProjectoAppMusica;
			productName = ProjectoAppMusica;
			productReference = 04C2C4E01CB2DCA70023F1C5 /* ProjectoAppMusica.app */;
			productType = "com.apple.product-type.application";
		};
/* End PBXNativeTarget section */

/* Begin PBXProject section */
		04C2C4D81CB2DCA70023F1C5 /* Project object */ = {
			isa = PBXProject;
			attributes = {
				LastUpgradeCheck = 0720;
				ORGANIZATIONNAME = "Formando Web Mobile";
				TargetAttributes = {
					04C2C4DF1CB2DCA70023F1C5 = {
						CreatedOnToolsVersion = 7.2.1;
					};
				};
			};
			buildConfigurationList = 04C2C4DB1CB2DCA70023F1C5 /* Build configuration list for PBXProject "ProjectoAppMusica" */;
			compatibilityVersion = "Xcode 3.2";
			developmentRegion = English;
			hasScannedForEncodings = 0;
			knownRegions = (
				en,
				Base,
			);
			mainGroup = 04C2C4D71CB2DCA70023F1C5;
			productRefGroup = 04C2C4E11CB2DCA70023F1C5 /* Products */;
			projectDirPath = "";
			projectRoot = "";
			targets = (
				04C2C4DF1CB2DCA70023F1C5 /* ProjectoAppMusica */,
			);
		};
/* End PBXProject section */

/* Begin PBXResourcesBuildPhase section */
		04C2C4DE1CB2DCA70023F1C5 /* Resources */ = {
			isa = PBXResourcesBuildPhase;
			buildActionMask = 2147483647;
			files = (
				04C2C4F61CB2DCA70023F1C5 /* LaunchScreen.storyboard in Resources */,
				04C2C4F31CB2DCA70023F1C5 /* Assets.xcassets in Resources */,
				04C2C4EE1CB2DCA70023F1C5 /* Main.storyboard in Resources */,
			);
			runOnlyForDeploymentPostprocessing = 0;
		};
/* End PBXResourcesBuildPhase section */

/* Begin PBXShellScriptBuildPhase section */
		2A6F3E72CF7F08EF637F5DAA /* Copy Pods Resources */ = {
			isa = PBXShellScriptBuildPhase;
			buildActionMask = 2147483647;
			files = (
			);
			inputPaths = (
			);
			name = "Copy Pods Resources";
			outputPaths = (
			);
			runOnlyForDeploymentPostprocessing = 0;
			shellPath = /bin/sh;
			shellScript = "\"${SRCROOT}/Pods/Target Support Files/Pods/Pods-resources.sh\"\n";
			showEnvVarsInLog = 0;
		};
		6C579CCFD862CBE821DA13B4 /* Embed Pods Frameworks */ = {
			isa = PBXShellScriptBuildPhase;
			buildActionMask = 2147483647;
			files = (
			);
			inputPaths = (
			);
			name = "Embed Pods Frameworks";
			outputPaths = (
			);
			runOnlyForDeploymentPostprocessing = 0;
			shellPath = /bin/sh;
			shellScript = "\"${SRCROOT}/Pods/Target Support Files/Pods/Pods-frameworks.sh\"\n";
			showEnvVarsInLog = 0;
		};
		A21101BE85F1E75055010E92 /* Check Pods Manifest.lock */ = {
			isa = PBXShellScriptBuildPhase;
			buildActionMask = 2147483647;
			files = (
			);
			inputPaths = (
			);
			name = "Check Pods Manifest.lock";
			outputPaths = (
			);
			runOnlyForDeploymentPostprocessing = 0;
			shellPath = /bin/sh;
			shellScript = "diff \"${PODS_ROOT}/../Podfile.lock\" \"${PODS_ROOT}/Manifest.lock\" > /dev/null\nif [[ $? != 0 ]] ; then\n    cat << EOM\nerror: The sandbox is not in sync with the Podfile.lock. Run 'pod install' or update your CocoaPods installation.\nEOM\n    exit 1\nfi\n";
			showEnvVarsInLog = 0;
		};
/* End PBXShellScriptBuildPhase section */

/* Begin PBXSourcesBuildPhase section */
		04C2C4DC1CB2DCA70023F1C5 /* Sources */ = {
			isa = PBXSourcesBuildPhase;
			buildActionMask = 2147483647;
			files = (
				04F74EE41CB5916B003C9AC2 /* ProcurarResultadosDetailViewController.m in Sources */,
				04F74ED81CB5912D003C9AC2 /* FavoritosViewController.m in Sources */,
				04F74ED21CB59101003C9AC2 /* DestaquesViewController.m in Sources */,
				04F74EDE1CB59149003C9AC2 /* ProcurarViewController.m in Sources */,
				04C2C4EB1CB2DCA70023F1C5 /* ViewController.m in Sources */,
				04F74EE11CB5915A003C9AC2 /* ProcurarResultadosViewController.m in Sources */,
				04F74EE81CB592DE003C9AC2 /* Songs.m in Sources */,
				04C2C4E81CB2DCA70023F1C5 /* AppDelegate.m in Sources */,
				04F74ED51CB59115003C9AC2 /* DestaquesDetailViewController.m in Sources */,
				04C2C4E51CB2DCA70023F1C5 /* main.m in Sources */,
				04C2C4F11CB2DCA70023F1C5 /* ProjectoAppMusica.xcdatamodeld in Sources */,
				04F74EDB1CB59139003C9AC2 /* FavoritosDetailViewController.m in Sources */,
				04F74ECC1CB590CD003C9AC2 /* UltimasViewController.m in Sources */,
				04F74ECF1CB590E3003C9AC2 /* UltimasDetailViewController.m in Sources */,
			);
			runOnlyForDeploymentPostprocessing = 0;
		};
/* End PBXSourcesBuildPhase section */

/* Begin PBXVariantGroup section */
		04C2C4EC1CB2DCA70023F1C5 /* Main.storyboard */ = {
			isa = PBXVariantGroup;
			children = (
				04C2C4ED1CB2DCA70023F1C5 /* Base */,
			);
			name = Main.storyboard;
			sourceTree = "<group>";
		};
		04C2C4F41CB2DCA70023F1C5 /* LaunchScreen.storyboard */ = {
			isa = PBXVariantGroup;
			children = (
				04C2C4F51CB2DCA70023F1C5 /* Base */,
			);
			name = LaunchScreen.storyboard;
			sourceTree = "<group>";
		};
/* End PBXVariantGroup section */

/* Begin XCBuildConfiguration section */
		04C2C4F81CB2DCA70023F1C5 /* Debug */ = {
			isa = XCBuildConfiguration;
			buildSettings = {
				ALWAYS_SEARCH_USER_PATHS = NO;
				CLANG_CXX_LANGUAGE_STANDARD = "gnu++0x";
				CLANG_CXX_LIBRARY = "libc++";
				CLANG_ENABLE_MODULES = YES;
				CLANG_ENABLE_OBJC_ARC = YES;
				CLANG_WARN_BOOL_CONVERSION = YES;
				CLANG_WARN_CONSTANT_CONVERSION = YES;
				CLANG_WARN_DIRECT_OBJC_ISA_USAGE = YES_ERROR;
				CLANG_WARN_EMPTY_BODY = YES;
				CLANG_WARN_ENUM_CONVERSION = YES;
				CLANG_WARN_INT_CONVERSION = YES;
				CLANG_WARN_OBJC_ROOT_CLASS = YES_ERROR;
				CLANG_WARN_UNREACHABLE_CODE = YES;
				CLANG_WARN__DUPLICATE_METHOD_MATCH = YES;
				"CODE_SIGN_IDENTITY[sdk=iphoneos*]" = "iPhone Developer";
				COPY_PHASE_STRIP = NO;
				DEBUG_INFORMATION_FORMAT = dwarf;
				ENABLE_STRICT_OBJC_MSGSEND = YES;
				ENABLE_TESTABILITY = YES;
				GCC_C_LANGUAGE_STANDARD = gnu99;
				GCC_DYNAMIC_NO_PIC = NO;
				GCC_NO_COMMON_BLOCKS = YES;
				GCC_OPTIMIZATION_LEVEL = 0;
				GCC_PREPROCESSOR_DEFINITIONS = (
					"DEBUG=1",
					"$(inherited)",
				);
				GCC_WARN_64_TO_32_BIT_CONVERSION = YES;
				GCC_WARN_ABOUT_RETURN_TYPE = YES_ERROR;
				GCC_WARN_UNDECLARED_SELECTOR = YES;
				GCC_WARN_UNINITIALIZED_AUTOS = YES_AGGRESSIVE;
				GCC_WARN_UNUSED_FUNCTION = YES;
				GCC_WARN_UNUSED_VARIABLE = YES;
				IPHONEOS_DEPLOYMENT_TARGET = 9.2;
				MTL_ENABLE_DEBUG_INFO = YES;
				ONLY_ACTIVE_ARCH = YES;
				SDKROOT = iphoneos;
			};
			name = Debug;
		};
		04C2C4F91CB2DCA70023F1C5 /* Release */ = {
			isa = XCBuildConfiguration;
			buildSettings = {
				ALWAYS_SEARCH_USER_PATHS = NO;
				CLANG_CXX_LANGUAGE_STANDARD = "gnu++0x";
				CLANG_CXX_LIBRARY = "libc++";
				CLANG_ENABLE_MODULES = YES;
				CLANG_ENABLE_OBJC_ARC = YES;
				CLANG_WARN_BOOL_CONVERSION = YES;
				CLANG_WARN_CONSTANT_CONVERSION = YES;
				CLANG_WARN_DIRECT_OBJC_ISA_USAGE = YES_ERROR;
				CLANG_WARN_EMPTY_BODY = YES;
				CLANG_WARN_ENUM_CONVERSION = YES;
				CLANG_WARN_INT_CONVERSION = YES;
				CLANG_WARN_OBJC_ROOT_CLASS = YES_ERROR;
				CLANG_WARN_UNREACHABLE_CODE = YES;
				CLANG_WARN__DUPLICATE_METHOD_MATCH = YES;
				"CODE_SIGN_IDENTITY[sdk=iphoneos*]" = "iPhone Developer";
				COPY_PHASE_STRIP = NO;
				DEBUG_INFORMATION_FORMAT = "dwarf-with-dsym";
				ENABLE_NS_ASSERTIONS = NO;
				ENABLE_STRICT_OBJC_MSGSEND = YES;
				GCC_C_LANGUAGE_STANDARD = gnu99;
				GCC_NO_COMMON_BLOCKS = YES;
				GCC_WARN_64_TO_32_BIT_CONVERSION = YES;
				GCC_WARN_ABOUT_RETURN_TYPE = YES_ERROR;
				GCC_WARN_UNDECLARED_SELECTOR = YES;
				GCC_WARN_UNINITIALIZED_AUTOS = YES_AGGRESSIVE;
				GCC_WARN_UNUSED_FUNCTION = YES;
				GCC_WARN_UNUSED_VARIABLE = YES;
				IPHONEOS_DEPLOYMENT_TARGET = 9.2;
				MTL_ENABLE_DEBUG_INFO = NO;
				SDKROOT = iphoneos;
				VALIDATE_PRODUCT = YES;
			};
			name = Release;
		};
		04C2C4FB1CB2DCA70023F1C5 /* Debug */ = {
			isa = XCBuildConfiguration;
			baseConfigurationReference = F7FFA28ED90F8A725DCF71CD /* Pods.debug.xcconfig */;
			buildSettings = {
				ASSETCATALOG_COMPILER_APPICON_NAME = AppIcon;
				INFOPLIST_FILE = ProjectoAppMusica/Info.plist;
				LD_RUNPATH_SEARCH_PATHS = "$(inherited) @executable_path/Frameworks";
				PRODUCT_BUNDLE_IDENTIFIER = santosivo.ProjectoAppMusica;
				PRODUCT_NAME = "$(TARGET_NAME)";
			};
			name = Debug;
		};
		04C2C4FC1CB2DCA70023F1C5 /* Release */ = {
			isa = XCBuildConfiguration;
			baseConfigurationReference = B17FE753F545E09940320FB4 /* Pods.release.xcconfig */;
			buildSettings = {
				ASSETCATALOG_COMPILER_APPICON_NAME = AppIcon;
				INFOPLIST_FILE = ProjectoAppMusica/Info.plist;
				LD_RUNPATH_SEARCH_PATHS = "$(inherited) @executable_path/Frameworks";
				PRODUCT_BUNDLE_IDENTIFIER = santosivo.ProjectoAppMusica;
				PRODUCT_NAME = "$(TARGET_NAME)";
			};
			name = Release;
		};
/* End XCBuildConfiguration section */

/* Begin XCConfigurationList section */
		04C2C4DB1CB2DCA70023F1C5 /* Build configuration list for PBXProject "ProjectoAppMusica" */ = {
			isa = XCConfigurationList;
			buildConfigurations = (
				04C2C4F81CB2DCA70023F1C5 /* Debug */,
				04C2C4F91CB2DCA70023F1C5 /* Release */,
			);
			defaultConfigurationIsVisible = 0;
			defaultConfigurationName = Release;
		};
		04C2C4FA1CB2DCA70023F1C5 /* Build configuration list for PBXNativeTarget "ProjectoAppMusica" */ = {
			isa = XCConfigurationList;
			buildConfigurations = (
				04C2C4FB1CB2DCA70023F1C5 /* Debug */,
				04C2C4FC1CB2DCA70023F1C5 /* Release */,
			);
			defaultConfigurationIsVisible = 0;
			defaultConfigurationName = Release;
		};
/* End XCConfigurationList section */

/* Begin XCVersionGroup section */
		04C2C4EF1CB2DCA70023F1C5 /* ProjectoAppMusica.xcdatamodeld */ = {
			isa = XCVersionGroup;
			children = (
				04C2C4F01CB2DCA70023F1C5 /* ProjectoAppMusica.xcdatamodel */,
			);
			currentVersion = 04C2C4F01CB2DCA70023F1C5 /* ProjectoAppMusica.xcdatamodel */;
			path = ProjectoAppMusica.xcdatamodeld;
			sourceTree = "<group>";
			versionGroupType = wrapper.xcdatamodel;
		};
/* End XCVersionGroup section */
	};
	rootObject = 04C2C4D81CB2DCA70023F1C5 /* Project object */;
}
